
Microsoft Visual Studio Solution File, Format Version 12.00
# Visual Studio Version 16
VisualStudioVersion = 16.0.31911.196
MinimumVisualStudioVersion = 10.0.40219.1
Project("{9A19103F-16F7-4668-BE54-9A1E7A4F7556}") = "DigitalWalletWebApp", "DigitalWalletWebApp\DigitalWalletWebApp.csproj", "{AF7E79C6-7F3A-46E7-8086-2F8638311046}"
EndProject
Project("{9A19103F-16F7-4668-BE54-9A1E7A4F7556}") = "MicroServiceTwo", "MicroServiceTwo\MicroServiceTwo.csproj", "{3FDD57C3-B7C6-43A6-9B2D-52652FA9DE75}"
EndProject
Project("{9A19103F-16F7-4668-BE54-9A1E7A4F7556}") = "MicroServiceThree", "MicroServiceThree\MicroServiceThree.csproj", "{C87C4C45-E679-4DEF-8A13-DFBE16AB4903}"
EndProject
Project("{9A19103F-16F7-4668-BE54-9A1E7A4F7556}") = "MicroServiceFour", "MicroServiceFour\MicroServiceFour.csproj", "{BEF8D71B-DD96-41B9-9422-131129BA9A5D}"
EndProject
Project("{9A19103F-16F7-4668-BE54-9A1E7A4F7556}") = "MicroServiceFive", "MicroServiceFive\MicroServiceFive.csproj", "{1958F166-2802-4F5C-8188-DE998F3D139C}"
EndProject
Project("{FAE04EC0-301F-11D3-BF4B-00C04F79EFBC}") = "MicroServiceSix", "MicroServiceSix\MicroServiceSix.csproj", "{9165098C-AED5-46AF-8B82-DAE56289803B}"
EndProject
Project("{FAE04EC0-301F-11D3-BF4B-00C04F79EFBC}") = "MicroServiceSeven", "MicroServiceSeven\MicroServiceSeven.csproj", "{967EE9CE-09D2-4519-940C-F960C284B87C}"
EndProject
Global
	GlobalSection(SolutionConfigurationPlatforms) = preSolution
		Debug|Any CPU = Debug|Any CPU
		Release|Any CPU = Release|Any CPU
	EndGlobalSection
	GlobalSection(ProjectConfigurationPlatforms) = postSolution
		{AF7E79C6-7F3A-46E7-8086-2F8638311046}.Debug|Any CPU.ActiveCfg = Debug|Any CPU
		{AF7E79C6-7F3A-46E7-8086-2F8638311046}.Debug|Any CPU.Build.0 = Debug|Any CPU
		{AF7E79C6-7F3A-46E7-8086-2F8638311046}.Release|Any CPU.ActiveCfg = Release|Any CPU
		{AF7E79C6-7F3A-46E7-8086-2F8638311046}.Release|Any CPU.Build.0 = Release|Any CPU
		{3FDD57C3-B7C6-43A6-9B2D-52652FA9DE75}.Debug|Any CPU.ActiveCfg = Debug|Any CPU
		{3FDD57C3-B7C6-43A6-9B2D-52652FA9DE75}.Debug|Any CPU.Build.0 = Debug|Any CPU
		{3FDD57C3-B7C6-43A6-9B2D-52652FA9DE75}.Release|Any CPU.ActiveCfg = Release|Any CPU
		{3FDD57C3-B7C6-43A6-9B2D-52652FA9DE75}.Release|Any CPU.Build.0 = Release|Any CPU
		{C87C4C45-E679-4DEF-8A13-DFBE16AB4903}.Debug|Any CPU.ActiveCfg = Debug|Any CPU
		{C87C4C45-E679-4DEF-8A13-DFBE16AB4903}.Debug|Any CPU.Build.0 = Debug|Any CPU
		{C87C4C45-E679-4DEF-8A13-DFBE16AB4903}.Release|Any CPU.ActiveCfg = Release|Any CPU
		{C87C4C45-E679-4DEF-8A13-DFBE16AB4903}.Release|Any CPU.Build.0 = Release|Any CPU
		{BEF8D71B-DD96-41B9-9422-131129BA9A5D}.Debug|Any CPU.ActiveCfg = Debug|Any CPU
		{BEF8D71B-DD96-41B9-9422-131129BA9A5D}.Debug|Any CPU.Build.0 = Debug|Any CPU
		{BEF8D71B-DD96-41B9-9422-131129BA9A5D}.Release|Any CPU.ActiveCfg = Release|Any CPU
		{BEF8D71B-DD96-41B9-9422-131129BA9A5D}.Release|Any CPU.Build.0 = Release|Any CPU
		{1958F166-2802-4F5C-8188-DE998F3D139C}.Debug|Any CPU.ActiveCfg = Debug|Any CPU
		{1958F166-2802-4F5C-8188-DE998F3D139C}.Debug|Any CPU.Build.0 = Debug|Any CPU
		{1958F166-2802-4F5C-8188-DE998F3D139C}.Release|Any CPU.ActiveCfg = Release|Any CPU
		{1958F166-2802-4F5C-8188-DE998F3D139C}.Release|Any CPU.Build.0 = Release|Any CPU
		{9165098C-AED5-46AF-8B82-DAE56289803B}.Debug|Any CPU.ActiveCfg = Debug|Any CPU
		{9165098C-AED5-46AF-8B82-DAE56289803B}.Debug|Any CPU.Build.0 = Debug|Any CPU
		{9165098C-AED5-46AF-8B82-DAE56289803B}.Release|Any CPU.ActiveCfg = Release|Any CPU
		{9165098C-AED5-46AF-8B82-DAE56289803B}.Release|Any CPU.Build.0 = Release|Any CPU
		{967EE9CE-09D2-4519-940C-F960C284B87C}.Debug|Any CPU.ActiveCfg = Debug|Any CPU
		{967EE9CE-09D2-4519-940C-F960C284B87C}.Debug|Any CPU.Build.0 = Debug|Any CPU
		{967EE9CE-09D2-4519-940C-F960C284B87C}.Release|Any CPU.ActiveCfg = Release|Any CPU
		{967EE9CE-09D2-4519-940C-F960C284B87C}.Release|Any CPU.Build.0 = Release|Any CPU
	EndGlobalSection
	GlobalSection(SolutionProperties) = preSolution
		HideSolutionNode = FALSE
	EndGlobalSection
	GlobalSection(ExtensibilityGlobals) = postSolution
		SolutionGuid = {728273CB-9D17-4C1C-A220-183F283D0AB7}
	EndGlobalSection
EndGlobal
